
Microsoft Visual Studio Solution File, Format Version 12.00
# Visual Studio 15
VisualStudioVersion = 15.0.27130.0
MinimumVisualStudioVersion = 10.0.40219.1
Project("{FAE04EC0-301F-11D3-BF4B-00C04F79EFBC}") = "ValidateFetchXmlAgainstSchema", "ValidateFetchXmlAgainstSchema.csproj", "{2EA515DD-121D-4EE9-AC39-C78727BAE8CF}"
EndProject
Global
	GlobalSection(SolutionConfigurationPlatforms) = preSolution
		Debug|Any CPU = Debug|Any CPU
		Release|Any CPU = Release|Any CPU
	EndGlobalSection
	GlobalSection(ProjectConfigurationPlatforms) = postSolution
		{2EA515DD-121D-4EE9-AC39-C78727BAE8CF}.Debug|Any CPU.ActiveCfg = Debug|Any CPU
		{2EA515DD-121D-4EE9-AC39-C78727BAE8CF}.Debug|Any CPU.Build.0 = Debug|Any CPU
		{2EA515DD-121D-4EE9-AC39-C78727BAE8CF}.Release|Any CPU.ActiveCfg = Release|Any CPU
		{2EA515DD-121D-4EE9-AC39-C78727BAE8CF}.Release|Any CPU.Build.0 = Release|Any CPU
	EndGlobalSection
	GlobalSection(SolutionProperties) = preSolution
		HideSolutionNode = FALSE
	EndGlobalSection
	GlobalSection(ExtensibilityGlobals) = postSolution
		SolutionGuid = {B85161F8-D869-4162-A313-E91D96C52E5C}
	EndGlobalSection
EndGlobal
